
Microsoft Visual Studio Solution File, Format Version 12.00
# Visual Studio Version 17
VisualStudioVersion = 17.7.34003.232
MinimumVisualStudioVersion = 10.0.40219.1
Project("{FAE04EC0-301F-11D3-BF4B-00C04F79EFBC}") = "MiniProject", "MiniProject\MiniProject.csproj", "{8DAC1B75-FEFB-4AA7-871B-ECA54D5B9DF8}"
EndProject
Project("{FAE04EC0-301F-11D3-BF4B-00C04F79EFBC}") = "BLL", "BLL\BLL.csproj", "{AD7468B6-DCEC-4BD1-AECB-2351A411FE69}"
EndProject
Project("{FAE04EC0-301F-11D3-BF4B-00C04F79EFBC}") = "DAL", "DAL\DAL.csproj", "{23A231DE-E94D-478D-9C2E-F9C7F7D4C7C6}"
EndProject
Global
	GlobalSection(SolutionConfigurationPlatforms) = preSolution
		Debug|Any CPU = Debug|Any CPU
		Release|Any CPU = Release|Any CPU
	EndGlobalSection
	GlobalSection(ProjectConfigurationPlatforms) = postSolution
		{8DAC1B75-FEFB-4AA7-871B-ECA54D5B9DF8}.Debug|Any CPU.ActiveCfg = Debug|Any CPU
		{8DAC1B75-FEFB-4AA7-871B-ECA54D5B9DF8}.Debug|Any CPU.Build.0 = Debug|Any CPU
		{8DAC1B75-FEFB-4AA7-871B-ECA54D5B9DF8}.Release|Any CPU.ActiveCfg = Release|Any CPU
		{8DAC1B75-FEFB-4AA7-871B-ECA54D5B9DF8}.Release|Any CPU.Build.0 = Release|Any CPU
		{AD7468B6-DCEC-4BD1-AECB-2351A411FE69}.Debug|Any CPU.ActiveCfg = Debug|Any CPU
		{AD7468B6-DCEC-4BD1-AECB-2351A411FE69}.Debug|Any CPU.Build.0 = Debug|Any CPU
		{AD7468B6-DCEC-4BD1-AECB-2351A411FE69}.Release|Any CPU.ActiveCfg = Release|Any CPU
		{AD7468B6-DCEC-4BD1-AECB-2351A411FE69}.Release|Any CPU.Build.0 = Release|Any CPU
		{23A231DE-E94D-478D-9C2E-F9C7F7D4C7C6}.Debug|Any CPU.ActiveCfg = Debug|Any CPU
		{23A231DE-E94D-478D-9C2E-F9C7F7D4C7C6}.Debug|Any CPU.Build.0 = Debug|Any CPU
		{23A231DE-E94D-478D-9C2E-F9C7F7D4C7C6}.Release|Any CPU.ActiveCfg = Release|Any CPU
		{23A231DE-E94D-478D-9C2E-F9C7F7D4C7C6}.Release|Any CPU.Build.0 = Release|Any CPU
	EndGlobalSection
	GlobalSection(SolutionProperties) = preSolution
		HideSolutionNode = FALSE
	EndGlobalSection
	GlobalSection(ExtensibilityGlobals) = postSolution
		SolutionGuid = {342CF108-1AEF-4579-9A13-5A6EFA22B60D}
	EndGlobalSection
EndGlobal
