
Microsoft Visual Studio Solution File, Format Version 12.00
# Visual Studio Version 17
VisualStudioVersion = 17.7.34003.232
MinimumVisualStudioVersion = 10.0.40219.1
Project("{FAE04EC0-301F-11D3-BF4B-00C04F79EFBC}") = "IndianPlatter", "IndianPlatter\IndianPlatter.csproj", "{AA4119B8-D89E-46E2-885B-1C72FB8145C6}"
EndProject
Project("{FAE04EC0-301F-11D3-BF4B-00C04F79EFBC}") = "BLL", "BLL\BLL.csproj", "{B3A37670-A2EF-4E35-B9FA-F33C5954AB8D}"
EndProject
Project("{FAE04EC0-301F-11D3-BF4B-00C04F79EFBC}") = "DAL", "DAL\DAL.csproj", "{14B26DE5-1104-40A5-9A8C-9094F89E16C6}"
EndProject
Global
	GlobalSection(SolutionConfigurationPlatforms) = preSolution
		Debug|Any CPU = Debug|Any CPU
		Release|Any CPU = Release|Any CPU
	EndGlobalSection
	GlobalSection(ProjectConfigurationPlatforms) = postSolution
		{AA4119B8-D89E-46E2-885B-1C72FB8145C6}.Debug|Any CPU.ActiveCfg = Debug|Any CPU
		{AA4119B8-D89E-46E2-885B-1C72FB8145C6}.Debug|Any CPU.Build.0 = Debug|Any CPU
		{AA4119B8-D89E-46E2-885B-1C72FB8145C6}.Release|Any CPU.ActiveCfg = Release|Any CPU
		{AA4119B8-D89E-46E2-885B-1C72FB8145C6}.Release|Any CPU.Build.0 = Release|Any CPU
		{B3A37670-A2EF-4E35-B9FA-F33C5954AB8D}.Debug|Any CPU.ActiveCfg = Debug|Any CPU
		{B3A37670-A2EF-4E35-B9FA-F33C5954AB8D}.Debug|Any CPU.Build.0 = Debug|Any CPU
		{B3A37670-A2EF-4E35-B9FA-F33C5954AB8D}.Release|Any CPU.ActiveCfg = Release|Any CPU
		{B3A37670-A2EF-4E35-B9FA-F33C5954AB8D}.Release|Any CPU.Build.0 = Release|Any CPU
		{14B26DE5-1104-40A5-9A8C-9094F89E16C6}.Debug|Any CPU.ActiveCfg = Debug|Any CPU
		{14B26DE5-1104-40A5-9A8C-9094F89E16C6}.Debug|Any CPU.Build.0 = Debug|Any CPU
		{14B26DE5-1104-40A5-9A8C-9094F89E16C6}.Release|Any CPU.ActiveCfg = Release|Any CPU
		{14B26DE5-1104-40A5-9A8C-9094F89E16C6}.Release|Any CPU.Build.0 = Release|Any CPU
	EndGlobalSection
	GlobalSection(SolutionProperties) = preSolution
		HideSolutionNode = FALSE
	EndGlobalSection
	GlobalSection(ExtensibilityGlobals) = postSolution
		SolutionGuid = {726A87F4-68EC-489A-9773-F8C15406E39B}
	EndGlobalSection
EndGlobal
